{
  "object": {
    "pins": [
      {
        "package": "SulliedMeasurement",
        "repositoryURL": "git://kubernetes.convex.watsonkp.com:31950/SulliedMeasurement",
        "state": {
          "branch": null,
          "revision": "cfbb1f70d52ca039b9e0de83be95e904edf3165a",
          "version": "0.3.28"
        }
      }
    ]
  },
  "version": 1
}
