{
  "object": {
    "pins": [
      {
        "package": "SulliedMeasurement",
        "repositoryURL": "git://kubernetes.convex.watsonkp.com:31950/SulliedMeasurement",
        "state": {
          "branch": null,
          "revision": "3d1cad82077185a0d6ac3595a67f9073f8286fe6",
          "version": "0.3.30"
        }
      }
    ]
  },
  "version": 1
}
