{
  "object": {
    "pins": [
      {
        "package": "SulliedMeasurement",
        "repositoryURL": "git://kubernetes.convex.watsonkp.com:31950/SulliedMeasurement",
        "state": {
          "branch": null,
          "revision": "8b38aa22cbfb770ba4712d12f4af86e6bd48b221",
          "version": "0.3.40"
        }
      }
    ]
  },
  "version": 1
}
